
Microsoft Visual Studio Solution File, Format Version 12.00
# Visual Studio Version 17
VisualStudioVersion = 17.2.32616.157
MinimumVisualStudioVersion = 10.0.40219.1
Project("{FAE04EC0-301F-11D3-BF4B-00C04F79EFBC}") = "EVEndustry", "EVEndustry.csproj", "{CA4374E4-03DC-4674-9939-18FFCBF1C702}"
EndProject
Global
	GlobalSection(SolutionConfigurationPlatforms) = preSolution
		Debug|Any CPU = Debug|Any CPU
		Release|Any CPU = Release|Any CPU
	EndGlobalSection
	GlobalSection(ProjectConfigurationPlatforms) = postSolution
		{CA4374E4-03DC-4674-9939-18FFCBF1C702}.Debug|Any CPU.ActiveCfg = Debug|Any CPU
		{CA4374E4-03DC-4674-9939-18FFCBF1C702}.Debug|Any CPU.Build.0 = Debug|Any CPU
		{CA4374E4-03DC-4674-9939-18FFCBF1C702}.Release|Any CPU.ActiveCfg = Release|Any CPU
		{CA4374E4-03DC-4674-9939-18FFCBF1C702}.Release|Any CPU.Build.0 = Release|Any CPU
	EndGlobalSection
	GlobalSection(SolutionProperties) = preSolution
		HideSolutionNode = FALSE
	EndGlobalSection
	GlobalSection(ExtensibilityGlobals) = postSolution
		SolutionGuid = {AB4BC967-5CE3-43BA-98D7-9C7C79571769}
	EndGlobalSection
EndGlobal
